// !$*UTF8*$!
{
	archiveVersion = 1;
	classes = {
	};
	objectVersion = 56;
	objects = {

/* Begin PBXBuildFile section */
		D79777CF2913A595000CAA1B /* splitCheckApp.swift in Sources */ = {isa = PBXBuildFile; fileRef = D79777CE2913A595000CAA1B /* splitCheckApp.swift */; };
		D79777D12913A595000CAA1B /* ContentView.swift in Sources */ = {isa = PBXBuildFile; fileRef = D79777D02913A595000CAA1B /* ContentView.swift */; };
		D79777D32913A597000CAA1B /* Assets.xcassets in Resources */ = {isa = PBXBuildFile; fileRef = D79777D22913A597000CAA1B /* Assets.xcassets */; };
		D79777D62913A597000CAA1B /* Preview Assets.xcassets in Resources */ = {isa = PBXBuildFile; fileRef = D79777D52913A597000CAA1B /* Preview Assets.xcassets */; };
		D79777E02913A597000CAA1B /* splitCheckTests.swift in Sources */ = {isa = PBXBuildFile; fileRef = D79777DF2913A597000CAA1B /* splitCheckTests.swift */; };
		D79777EA2913A597000CAA1B /* splitCheckUITests.swift in Sources */ = {isa = PBXBuildFile; fileRef = D79777E92913A597000CAA1B /* splitCheckUITests.swift */; };
		D79777EC2913A597000CAA1B /* splitCheckUITestsLaunchTests.swift in Sources */ = {isa = PBXBuildFile; fileRef = D79777EB2913A597000CAA1B /* splitCheckUITestsLaunchTests.swift */; };
/* End PBXBuildFile section */

/* Begin PBXContainerItemProxy section */
		D79777DC2913A597000CAA1B /* PBXContainerItemProxy */ = {
			isa = PBXContainerItemProxy;
			containerPortal = D79777C32913A595000CAA1B /* Project object */;
			proxyType = 1;
			remoteGlobalIDString = D79777CA2913A595000CAA1B;
			remoteInfo = splitCheck;
		};
		D79777E62913A597000CAA1B /* PBXContainerItemProxy */ = {
			isa = PBXContainerItemProxy;
			containerPortal = D79777C32913A595000CAA1B /* Project object */;
			proxyType = 1;
			remoteGlobalIDString = D79777CA2913A595000CAA1B;
			remoteInfo = splitCheck;
		};
/* End PBXContainerItemProxy section */

/* Begin PBXFileReference section */
		D79777CB2913A595000CAA1B /* splitCheck.app */ = {isa = PBXFileReference; explicitFileType = wrapper.application; includeInIndex = 0; path = splitCheck.app; sourceTree = BUILT_PRODUCTS_DIR; };
		D79777CE2913A595000CAA1B /* splitCheckApp.swift */ = {isa = PBXFileReference; lastKnownFileType = sourcecode.swift; path = splitCheckApp.swift; sourceTree = "<group>"; };
		D79777D02913A595000CAA1B /* ContentView.swift */ = {isa = PBXFileReference; lastKnownFileType = sourcecode.swift; path = ContentView.swift; sourceTree = "<group>"; };
		D79777D22913A597000CAA1B /* Assets.xcassets */ = {isa = PBXFileReference; lastKnownFileType = folder.assetcatalog; path = Assets.xcassets; sourceTree = "<group>"; };
		D79777D52913A597000CAA1B /* Preview Assets.xcassets */ = {isa = PBXFileReference; lastKnownFileType = folder.assetcatalog; path = "Preview Assets.xcassets"; sourceTree = "<group>"; };
		D79777DB2913A597000CAA1B /* splitCheckTests.xctest */ = {isa = PBXFileReference; explicitFileType = wrapper.cfbundle; includeInIndex = 0; path = splitCheckTests.xctest; sourceTree = BUILT_PRODUCTS_DIR; };
		D79777DF2913A597000CAA1B /* splitCheckTests.swift */ = {isa = PBXFileReference; lastKnownFileType = sourcecode.swift; path = splitCheckTests.swift; sourceTree = "<group>"; };
		D79777E52913A597000CAA1B /* splitCheckUITests.xctest */ = {isa = PBXFileReference; explicitFileType = wrapper.cfbundle; includeInIndex = 0; path = splitCheckUITests.xctest; sourceTree = BUILT_PRODUCTS_DIR; };
		D79777E92913A597000CAA1B /* splitCheckUITests.swift */ = {isa = PBXFileReference; lastKnownFileType = sourcecode.swift; path = splitCheckUITests.swift; sourceTree = "<group>"; };
		D79777EB2913A597000CAA1B /* splitCheckUITestsLaunchTests.swift */ = {isa = PBXFileReference; lastKnownFileType = sourcecode.swift; path = splitCheckUITestsLaunchTests.swift; sourceTree = "<group>"; };
/* End PBXFileReference section */

/* Begin PBXFrameworksBuildPhase section */
		D79777C82913A595000CAA1B /* Frameworks */ = {
			isa = PBXFrameworksBuildPhase;
			buildActionMask = 2147483647;
			files = (
			);
			runOnlyForDeploymentPostprocessing = 0;
		};
		D79777D82913A597000CAA1B /* Frameworks */ = {
			isa = PBXFrameworksBuildPhase;
			buildActionMask = 2147483647;
			files = (
			);
			runOnlyForDeploymentPostprocessing = 0;
		};
		D79777E22913A597000CAA1B /* Frameworks */ = {
			isa = PBXFrameworksBuildPhase;
			buildActionMask = 2147483647;
			files = (
			);
			runOnlyForDeploymentPostprocessing = 0;
		};
/* End PBXFrameworksBuildPhase section */

/* Begin PBXGroup section */
		D79777C22913A595000CAA1B = {
			isa = PBXGroup;
			children = (
				D79777CD2913A595000CAA1B /* splitCheck */,
				D79777DE2913A597000CAA1B /* splitCheckTests */,
				D79777E82913A597000CAA1B /* splitCheckUITests */,
				D79777CC2913A595000CAA1B /* Products */,
			);
			sourceTree = "<group>";
		};
		D79777CC2913A595000CAA1B /* Products */ = {
			isa = PBXGroup;
			children = (
				D79777CB2913A595000CAA1B /* splitCheck.app */,
				D79777DB2913A597000CAA1B /* splitCheckTests.xctest */,
				D79777E52913A597000CAA1B /* splitCheckUITests.xctest */,
			);
			name = Products;
			sourceTree = "<group>";
		};
		D79777CD2913A595000CAA1B /* splitCheck */ = {
			isa = PBXGroup;
			children = (
				D79777CE2913A595000CAA1B /* splitCheckApp.swift */,
				D79777D02913A595000CAA1B /* ContentView.swift */,
				D79777D22913A597000CAA1B /* Assets.xcassets */,
				D79777D42913A597000CAA1B /* Preview Content */,
			);
			path = splitCheck;
			sourceTree = "<group>";
		};
		D79777D42913A597000CAA1B /* Preview Content */ = {
			isa = PBXGroup;
			children = (
				D79777D52913A597000CAA1B /* Preview Assets.xcassets */,
			);
			path = "Preview Content";
			sourceTree = "<group>";
		};
		D79777DE2913A597000CAA1B /* splitCheckTests */ = {
			isa = PBXGroup;
			children = (
				D79777DF2913A597000CAA1B /* splitCheckTests.swift */,
			);
			path = splitCheckTests;
			sourceTree = "<group>";
		};
		D79777E82913A597000CAA1B /* splitCheckUITests */ = {
			isa = PBXGroup;
			children = (
				D79777E92913A597000CAA1B /* splitCheckUITests.swift */,
				D79777EB2913A597000CAA1B /* splitCheckUITestsLaunchTests.swift */,
			);
			path = splitCheckUITests;
			sourceTree = "<group>";
		};
/* End PBXGroup section */

/* Begin PBXNativeTarget section */
		D79777CA2913A595000CAA1B /* splitCheck */ = {
			isa = PBXNativeTarget;
			buildConfigurationList = D79777EF2913A597000CAA1B /* Build configuration list for PBXNativeTarget "splitCheck" */;
			buildPhases = (
				D79777C72913A595000CAA1B /* Sources */,
				D79777C82913A595000CAA1B /* Frameworks */,
				D79777C92913A595000CAA1B /* Resources */,
			);
			buildRules = (
			);
			dependencies = (
			);
			name = splitCheck;
			productName = splitCheck;
			productReference = D79777CB2913A595000CAA1B /* splitCheck.app */;
			productType = "com.apple.product-type.application";
		};
		D79777DA2913A597000CAA1B /* splitCheckTests */ = {
			isa = PBXNativeTarget;
			buildConfigurationList = D79777F22913A597000CAA1B /* Build configuration list for PBXNativeTarget "splitCheckTests" */;
			buildPhases = (
				D79777D72913A597000CAA1B /* Sources */,
				D79777D82913A597000CAA1B /* Frameworks */,
				D79777D92913A597000CAA1B /* Resources */,
			);
			buildRules = (
			);
			dependencies = (
				D79777DD2913A597000CAA1B /* PBXTargetDependency */,
			);
			name = splitCheckTests;
			productName = splitCheckTests;
			productReference = D79777DB2913A597000CAA1B /* splitCheckTests.xctest */;
			productType = "com.apple.product-type.bundle.unit-test";
		};
		D79777E42913A597000CAA1B /* splitCheckUITests */ = {
			isa = PBXNativeTarget;
			buildConfigurationList = D79777F52913A597000CAA1B /* Build configuration list for PBXNativeTarget "splitCheckUITests" */;
			buildPhases = (
				D79777E12913A597000CAA1B /* Sources */,
				D79777E22913A597000CAA1B /* Frameworks */,
				D79777E32913A597000CAA1B /* Resources */,
			);
			buildRules = (
			);
			dependencies = (
				D79777E72913A597000CAA1B /* PBXTargetDependency */,
			);
			name = splitCheckUITests;
			productName = splitCheckUITests;
			productReference = D79777E52913A597000CAA1B /* splitCheckUITests.xctest */;
			productType = "com.apple.product-type.bundle.ui-testing";
		};
/* End PBXNativeTarget section */

/* Begin PBXProject section */
		D79777C32913A595000CAA1B /* Project object */ = {
			isa = PBXProject;
			attributes = {
				BuildIndependentTargetsInParallel = 1;
				LastSwiftUpdateCheck = 1400;
				LastUpgradeCheck = 1400;
				TargetAttributes = {
					D79777CA2913A595000CAA1B = {
						CreatedOnToolsVersion = 14.0.1;
					};
					D79777DA2913A597000CAA1B = {
						CreatedOnToolsVersion = 14.0.1;
						TestTargetID = D79777CA2913A595000CAA1B;
					};
					D79777E42913A597000CAA1B = {
						CreatedOnToolsVersion = 14.0.1;
						TestTargetID = D79777CA2913A595000CAA1B;
					};
				};
			};
			buildConfigurationList = D79777C62913A595000CAA1B /* Build configuration list for PBXProject "splitCheck" */;
			compatibilityVersion = "Xcode 14.0";
			developmentRegion = en;
			hasScannedForEncodings = 0;
			knownRegions = (
				en,
				Base,
			);
			mainGroup = D79777C22913A595000CAA1B;
			productRefGroup = D79777CC2913A595000CAA1B /* Products */;
			projectDirPath = "";
			projectRoot = "";
			targets = (
				D79777CA2913A595000CAA1B /* splitCheck */,
				D79777DA2913A597000CAA1B /* splitCheckTests */,
				D79777E42913A597000CAA1B /* splitCheckUITests */,
			);
		};
/* End PBXProject section */

/* Begin PBXResourcesBuildPhase section */
		D79777C92913A595000CAA1B /* Resources */ = {
			isa = PBXResourcesBuildPhase;
			buildActionMask = 2147483647;
			files = (
				D79777D62913A597000CAA1B /* Preview Assets.xcassets in Resources */,
				D79777D32913A597000CAA1B /* Assets.xcassets in Resources */,
			);
			runOnlyForDeploymentPostprocessing = 0;
		};
		D79777D92913A597000CAA1B /* Resources */ = {
			isa = PBXResourcesBuildPhase;
			buildActionMask = 2147483647;
			files = (
			);
			runOnlyForDeploymentPostprocessing = 0;
		};
		D79777E32913A597000CAA1B /* Resources */ = {
			isa = PBXResourcesBuildPhase;
			buildActionMask = 2147483647;
			files = (
			);
			runOnlyForDeploymentPostprocessing = 0;
		};
/* End PBXResourcesBuildPhase section */

/* Begin PBXSourcesBuildPhase section */
		D79777C72913A595000CAA1B /* Sources */ = {
			isa = PBXSourcesBuildPhase;
			buildActionMask = 2147483647;
			files = (
				D79777D12913A595000CAA1B /* ContentView.swift in Sources */,
				D79777CF2913A595000CAA1B /* splitCheckApp.swift in Sources */,
			);
			runOnlyForDeploymentPostprocessing = 0;
		};
		D79777D72913A597000CAA1B /* Sources */ = {
			isa = PBXSourcesBuildPhase;
			buildActionMask = 2147483647;
			files = (
				D79777E02913A597000CAA1B /* splitCheckTests.swift in Sources */,
			);
			runOnlyForDeploymentPostprocessing = 0;
		};
		D79777E12913A597000CAA1B /* Sources */ = {
			isa = PBXSourcesBuildPhase;
			buildActionMask = 2147483647;
			files = (
				D79777EC2913A597000CAA1B /* splitCheckUITestsLaunchTests.swift in Sources */,
				D79777EA2913A597000CAA1B /* splitCheckUITests.swift in Sources */,
			);
			runOnlyForDeploymentPostprocessing = 0;
		};
/* End PBXSourcesBuildPhase section */

/* Begin PBXTargetDependency section */
		D79777DD2913A597000CAA1B /* PBXTargetDependency */ = {
			isa = PBXTargetDependency;
			target = D79777CA2913A595000CAA1B /* splitCheck */;
			targetProxy = D79777DC2913A597000CAA1B /* PBXContainerItemProxy */;
		};
		D79777E72913A597000CAA1B /* PBXTargetDependency */ = {
			isa = PBXTargetDependency;
			target = D79777CA2913A595000CAA1B /* splitCheck */;
			targetProxy = D79777E62913A597000CAA1B /* PBXContainerItemProxy */;
		};
/* End PBXTargetDependency section */

/* Begin XCBuildConfiguration section */
		D79777ED2913A597000CAA1B /* Debug */ = {
			isa = XCBuildConfiguration;
			buildSettings = {
				ALWAYS_SEARCH_USER_PATHS = NO;
				CLANG_ANALYZER_NONNULL = YES;
				CLANG_ANALYZER_NUMBER_OBJECT_CONVERSION = YES_AGGRESSIVE;
				CLANG_CXX_LANGUAGE_STANDARD = "gnu++20";
				CLANG_ENABLE_MODULES = YES;
				CLANG_ENABLE_OBJC_ARC = YES;
				CLANG_ENABLE_OBJC_WEAK = YES;
				CLANG_WARN_BLOCK_CAPTURE_AUTORELEASING = YES;
				CLANG_WARN_BOOL_CONVERSION = YES;
				CLANG_WARN_COMMA = YES;
				CLANG_WARN_CONSTANT_CONVERSION = YES;
				CLANG_WARN_DEPRECATED_OBJC_IMPLEMENTATIONS = YES;
				CLANG_WARN_DIRECT_OBJC_ISA_USAGE = YES_ERROR;
				CLANG_WARN_DOCUMENTATION_COMMENTS = YES;
				CLANG_WARN_EMPTY_BODY = YES;
				CLANG_WARN_ENUM_CONVERSION = YES;
				CLANG_WARN_INFINITE_RECURSION = YES;
				CLANG_WARN_INT_CONVERSION = YES;
				CLANG_WARN_NON_LITERAL_NULL_CONVERSION = YES;
				CLANG_WARN_OBJC_IMPLICIT_RETAIN_SELF = YES;
				CLANG_WARN_OBJC_LITERAL_CONVERSION = YES;
				CLANG_WARN_OBJC_ROOT_CLASS = YES_ERROR;
				CLANG_WARN_QUOTED_INCLUDE_IN_FRAMEWORK_HEADER = YES;
				CLANG_WARN_RANGE_LOOP_ANALYSIS = YES;
				CLANG_WARN_STRICT_PROTOTYPES = YES;
				CLANG_WARN_SUSPICIOUS_MOVE = YES;
				CLANG_WARN_UNGUARDED_AVAILABILITY = YES_AGGRESSIVE;
				CLANG_WARN_UNREACHABLE_CODE = YES;
				CLANG_WARN__DUPLICATE_METHOD_MATCH = YES;
				COPY_PHASE_STRIP = NO;
				DEBUG_INFORMATION_FORMAT = dwarf;
				ENABLE_STRICT_OBJC_MSGSEND = YES;
				ENABLE_TESTABILITY = YES;
				GCC_C_LANGUAGE_STANDARD = gnu11;
				GCC_DYNAMIC_NO_PIC = NO;
				GCC_NO_COMMON_BLOCKS = YES;
				GCC_OPTIMIZATION_LEVEL = 0;
				GCC_PREPROCESSOR_DEFINITIONS = (
					"DEBUG=1",
					"$(inherited)",
				);
				GCC_WARN_64_TO_32_BIT_CONVERSION = YES;
				GCC_WARN_ABOUT_RETURN_TYPE = YES_ERROR;
				GCC_WARN_UNDECLARED_SELECTOR = YES;
				GCC_WARN_UNINITIALIZED_AUTOS = YES_AGGRESSIVE;
				GCC_WARN_UNUSED_FUNCTION = YES;
				GCC_WARN_UNUSED_VARIABLE = YES;
				IPHONEOS_DEPLOYMENT_TARGET = 16.0;
				MTL_ENABLE_DEBUG_INFO = INCLUDE_SOURCE;
				MTL_FAST_MATH = YES;
				ONLY_ACTIVE_ARCH = YES;
				SDKROOT = iphoneos;
				SWIFT_ACTIVE_COMPILATION_CONDITIONS = DEBUG;
				SWIFT_OPTIMIZATION_LEVEL = "-Onone";
			};
			name = Debug;
		};
		D79777EE2913A597000CAA1B /* Release */ = {
			isa = XCBuildConfiguration;
			buildSettings = {
				ALWAYS_SEARCH_USER_PATHS = NO;
				CLANG_ANALYZER_NONNULL = YES;
				CLANG_ANALYZER_NUMBER_OBJECT_CONVERSION = YES_AGGRESSIVE;
				CLANG_CXX_LANGUAGE_STANDARD = "gnu++20";
				CLANG_ENABLE_MODULES = YES;
				CLANG_ENABLE_OBJC_ARC = YES;
				CLANG_ENABLE_OBJC_WEAK = YES;
				CLANG_WARN_BLOCK_CAPTURE_AUTORELEASING = YES;
				CLANG_WARN_BOOL_CONVERSION = YES;
				CLANG_WARN_COMMA = YES;
				CLANG_WARN_CONSTANT_CONVERSION = YES;
				CLANG_WARN_DEPRECATED_OBJC_IMPLEMENTATIONS = YES;
				CLANG_WARN_DIRECT_OBJC_ISA_USAGE = YES_ERROR;
				CLANG_WARN_DOCUMENTATION_COMMENTS = YES;
				CLANG_WARN_EMPTY_BODY = YES;
				CLANG_WARN_ENUM_CONVERSION = YES;
				CLANG_WARN_INFINITE_RECURSION = YES;
				CLANG_WARN_INT_CONVERSION = YES;
				CLANG_WARN_NON_LITERAL_NULL_CONVERSION = YES;
				CLANG_WARN_OBJC_IMPLICIT_RETAIN_SELF = YES;
				CLANG_WARN_OBJC_LITERAL_CONVERSION = YES;
				CLANG_WARN_OBJC_ROOT_CLASS = YES_ERROR;
				CLANG_WARN_QUOTED_INCLUDE_IN_FRAMEWORK_HEADER = YES;
				CLANG_WARN_RANGE_LOOP_ANALYSIS = YES;
				CLANG_WARN_STRICT_PROTOTYPES = YES;
				CLANG_WARN_SUSPICIOUS_MOVE = YES;
				CLANG_WARN_UNGUARDED_AVAILABILITY = YES_AGGRESSIVE;
				CLANG_WARN_UNREACHABLE_CODE = YES;
				CLANG_WARN__DUPLICATE_METHOD_MATCH = YES;
				COPY_PHASE_STRIP = NO;
				DEBUG_INFORMATION_FORMAT = "dwarf-with-dsym";
				ENABLE_NS_ASSERTIONS = NO;
				ENABLE_STRICT_OBJC_MSGSEND = YES;
				GCC_C_LANGUAGE_STANDARD = gnu11;
				GCC_NO_COMMON_BLOCKS = YES;
				GCC_WARN_64_TO_32_BIT_CONVERSION = YES;
				GCC_WARN_ABOUT_RETURN_TYPE = YES_ERROR;
				GCC_WARN_UNDECLARED_SELECTOR = YES;
				GCC_WARN_UNINITIALIZED_AUTOS = YES_AGGRESSIVE;
				GCC_WARN_UNUSED_FUNCTION = YES;
				GCC_WARN_UNUSED_VARIABLE = YES;
				IPHONEOS_DEPLOYMENT_TARGET = 16.0;
				MTL_ENABLE_DEBUG_INFO = NO;
				MTL_FAST_MATH = YES;
				SDKROOT = iphoneos;
				SWIFT_COMPILATION_MODE = wholemodule;
				SWIFT_OPTIMIZATION_LEVEL = "-O";
				VALIDATE_PRODUCT = YES;
			};
			name = Release;
		};
		D79777F02913A597000CAA1B /* Debug */ = {
			isa = XCBuildConfiguration;
			buildSettings = {
				ASSETCATALOG_COMPILER_APPICON_NAME = AppIcon;
				ASSETCATALOG_COMPILER_GLOBAL_ACCENT_COLOR_NAME = AccentColor;
				CODE_SIGN_STYLE = Automatic;
				CURRENT_PROJECT_VERSION = 1;
				DEVELOPMENT_ASSET_PATHS = "\"splitCheck/Preview Content\"";
				DEVELOPMENT_TEAM = 648U26QNYT;
				ENABLE_PREVIEWS = YES;
				GENERATE_INFOPLIST_FILE = YES;
				INFOPLIST_KEY_UIApplicationSceneManifest_Generation = YES;
				INFOPLIST_KEY_UIApplicationSupportsIndirectInputEvents = YES;
				INFOPLIST_KEY_UILaunchScreen_Generation = YES;
				INFOPLIST_KEY_UISupportedInterfaceOrientations_iPad = "UIInterfaceOrientationPortrait UIInterfaceOrientationPortraitUpsideDown UIInterfaceOrientationLandscapeLeft UIInterfaceOrientationLandscapeRight";
				INFOPLIST_KEY_UISupportedInterfaceOrientations_iPhone = "UIInterfaceOrientationPortrait UIInterfaceOrientationLandscapeLeft UIInterfaceOrientationLandscapeRight";
				LD_RUNPATH_SEARCH_PATHS = (
					"$(inherited)",
					"@executable_path/Frameworks",
				);
				MARKETING_VERSION = 1.0;
				PRODUCT_BUNDLE_IDENTIFIER = com.splitCheck;
				PRODUCT_NAME = "$(TARGET_NAME)";
				SWIFT_EMIT_LOC_STRINGS = YES;
				SWIFT_VERSION = 5.0;
				TARGETED_DEVICE_FAMILY = "1,2";
			};
			name = Debug;
		};
		D79777F12913A597000CAA1B /* Release */ = {
			isa = XCBuildConfiguration;
			buildSettings = {
				ASSETCATALOG_COMPILER_APPICON_NAME = AppIcon;
				ASSETCATALOG_COMPILER_GLOBAL_ACCENT_COLOR_NAME = AccentColor;
				CODE_SIGN_STYLE = Automatic;
				CURRENT_PROJECT_VERSION = 1;
				DEVELOPMENT_ASSET_PATHS = "\"splitCheck/Preview Content\"";
				DEVELOPMENT_TEAM = 648U26QNYT;
				ENABLE_PREVIEWS = YES;
				GENERATE_INFOPLIST_FILE = YES;
				INFOPLIST_KEY_UIApplicationSceneManifest_Generation = YES;
				INFOPLIST_KEY_UIApplicationSupportsIndirectInputEvents = YES;
				INFOPLIST_KEY_UILaunchScreen_Generation = YES;
				INFOPLIST_KEY_UISupportedInterfaceOrientations_iPad = "UIInterfaceOrientationPortrait UIInterfaceOrientationPortraitUpsideDown UIInterfaceOrientationLandscapeLeft UIInterfaceOrientationLandscapeRight";
				INFOPLIST_KEY_UISupportedInterfaceOrientations_iPhone = "UIInterfaceOrientationPortrait UIInterfaceOrientationLandscapeLeft UIInterfaceOrientationLandscapeRight";
				LD_RUNPATH_SEARCH_PATHS = (
					"$(inherited)",
					"@executable_path/Frameworks",
				);
				MARKETING_VERSION = 1.0;
				PRODUCT_BUNDLE_IDENTIFIER = com.splitCheck;
				PRODUCT_NAME = "$(TARGET_NAME)";
				SWIFT_EMIT_LOC_STRINGS = YES;
				SWIFT_VERSION = 5.0;
				TARGETED_DEVICE_FAMILY = "1,2";
			};
			name = Release;
		};
		D79777F32913A597000CAA1B /* Debug */ = {
			isa = XCBuildConfiguration;
			buildSettings = {
				ALWAYS_EMBED_SWIFT_STANDARD_LIBRARIES = YES;
				BUNDLE_LOADER = "$(TEST_HOST)";
				CODE_SIGN_STYLE = Automatic;
				CURRENT_PROJECT_VERSION = 1;
				DEVELOPMENT_TEAM = 648U26QNYT;
				GENERATE_INFOPLIST_FILE = YES;
				IPHONEOS_DEPLOYMENT_TARGET = 16.0;
				MARKETING_VERSION = 1.0;
				PRODUCT_BUNDLE_IDENTIFIER = com.splitCheckTests;
				PRODUCT_NAME = "$(TARGET_NAME)";
				SWIFT_EMIT_LOC_STRINGS = NO;
				SWIFT_VERSION = 5.0;
				TARGETED_DEVICE_FAMILY = "1,2";
				TEST_HOST = "$(BUILT_PRODUCTS_DIR)/splitCheck.app/$(BUNDLE_EXECUTABLE_FOLDER_PATH)/splitCheck";
			};
			name = Debug;
		};
		D79777F42913A597000CAA1B /* Release */ = {
			isa = XCBuildConfiguration;
			buildSettings = {
				ALWAYS_EMBED_SWIFT_STANDARD_LIBRARIES = YES;
				BUNDLE_LOADER = "$(TEST_HOST)";
				CODE_SIGN_STYLE = Automatic;
				CURRENT_PROJECT_VERSION = 1;
				DEVELOPMENT_TEAM = 648U26QNYT;
				GENERATE_INFOPLIST_FILE = YES;
				IPHONEOS_DEPLOYMENT_TARGET = 16.0;
				MARKETING_VERSION = 1.0;
				PRODUCT_BUNDLE_IDENTIFIER = com.splitCheckTests;
				PRODUCT_NAME = "$(TARGET_NAME)";
				SWIFT_EMIT_LOC_STRINGS = NO;
				SWIFT_VERSION = 5.0;
				TARGETED_DEVICE_FAMILY = "1,2";
				TEST_HOST = "$(BUILT_PRODUCTS_DIR)/splitCheck.app/$(BUNDLE_EXECUTABLE_FOLDER_PATH)/splitCheck";
			};
			name = Release;
		};
		D79777F62913A597000CAA1B /* Debug */ = {
			isa = XCBuildConfiguration;
			buildSettings = {
				ALWAYS_EMBED_SWIFT_STANDARD_LIBRARIES = YES;
				CODE_SIGN_STYLE = Automatic;
				CURRENT_PROJECT_VERSION = 1;
				DEVELOPMENT_TEAM = 648U26QNYT;
				GENERATE_INFOPLIST_FILE = YES;
				MARKETING_VERSION = 1.0;
				PRODUCT_BUNDLE_IDENTIFIER = com.splitCheckUITests;
				PRODUCT_NAME = "$(TARGET_NAME)";
				SWIFT_EMIT_LOC_STRINGS = NO;
				SWIFT_VERSION = 5.0;
				TARGETED_DEVICE_FAMILY = "1,2";
				TEST_TARGET_NAME = splitCheck;
			};
			name = Debug;
		};
		D79777F72913A597000CAA1B /* Release */ = {
			isa = XCBuildConfiguration;
			buildSettings = {
				ALWAYS_EMBED_SWIFT_STANDARD_LIBRARIES = YES;
				CODE_SIGN_STYLE = Automatic;
				CURRENT_PROJECT_VERSION = 1;
				DEVELOPMENT_TEAM = 648U26QNYT;
				GENERATE_INFOPLIST_FILE = YES;
				MARKETING_VERSION = 1.0;
				PRODUCT_BUNDLE_IDENTIFIER = com.splitCheckUITests;
				PRODUCT_NAME = "$(TARGET_NAME)";
				SWIFT_EMIT_LOC_STRINGS = NO;
				SWIFT_VERSION = 5.0;
				TARGETED_DEVICE_FAMILY = "1,2";
				TEST_TARGET_NAME = splitCheck;
			};
			name = Release;
		};
/* End XCBuildConfiguration section */

/* Begin XCConfigurationList section */
		D79777C62913A595000CAA1B /* Build configuration list for PBXProject "splitCheck" */ = {
			isa = XCConfigurationList;
			buildConfigurations = (
				D79777ED2913A597000CAA1B /* Debug */,
				D79777EE2913A597000CAA1B /* Release */,
			);
			defaultConfigurationIsVisible = 0;
			defaultConfigurationName = Release;
		};
		D79777EF2913A597000CAA1B /* Build configuration list for PBXNativeTarget "splitCheck" */ = {
			isa = XCConfigurationList;
			buildConfigurations = (
				D79777F02913A597000CAA1B /* Debug */,
				D79777F12913A597000CAA1B /* Release */,
			);
			defaultConfigurationIsVisible = 0;
			defaultConfigurationName = Release;
		};
		D79777F22913A597000CAA1B /* Build configuration list for PBXNativeTarget "splitCheckTests" */ = {
			isa = XCConfigurationList;
			buildConfigurations = (
				D79777F32913A597000CAA1B /* Debug */,
				D79777F42913A597000CAA1B /* Release */,
			);
			defaultConfigurationIsVisible = 0;
			defaultConfigurationName = Release;
		};
		D79777F52913A597000CAA1B /* Build configuration list for PBXNativeTarget "splitCheckUITests" */ = {
			isa = XCConfigurationList;
			buildConfigurations = (
				D79777F62913A597000CAA1B /* Debug */,
				D79777F72913A597000CAA1B /* Release */,
			);
			defaultConfigurationIsVisible = 0;
			defaultConfigurationName = Release;
		};
/* End XCConfigurationList section */
	};
	rootObject = D79777C32913A595000CAA1B /* Project object */;
}
